
Microsoft Visual Studio Solution File, Format Version 11.00
# Visual Studio 2010
Project("{FAE04EC0-301F-11D3-BF4B-00C04F79EFBC}") = "StartUp", "StartUp\StartUp.csproj", "{1D2B75D0-F75B-4D24-9AD1-1047D8F33B40}"
EndProject
Project("{FAE04EC0-301F-11D3-BF4B-00C04F79EFBC}") = "ProjectUI", "ProjectUI\ProjectUI.csproj", "{59325B96-DF5D-4912-97B1-71D2C8F1BADF}"
EndProject
Project("{FAE04EC0-301F-11D3-BF4B-00C04F79EFBC}") = "ProjectBLL", "ProjectBLL\ProjectBLL.csproj", "{01694D99-1A81-48BC-BE36-8F9D8C009B03}"
EndProject
Project("{FAE04EC0-301F-11D3-BF4B-00C04F79EFBC}") = "ProjectModel", "ProjectModel\ProjectModel.csproj", "{EA60AB7D-B60B-4434-B85A-C9DD4E1B117D}"
EndProject
Project("{FAE04EC0-301F-11D3-BF4B-00C04F79EFBC}") = "ProjectDAL", "ProjectDAL\ProjectDAL.csproj", "{03FC354E-3FE3-4EB3-8237-B555D3CAEC68}"
EndProject
Global
	GlobalSection(SolutionConfigurationPlatforms) = preSolution
		Debug|Any CPU = Debug|Any CPU
		Debug|Mixed Platforms = Debug|Mixed Platforms
		Debug|x86 = Debug|x86
		Release|Any CPU = Release|Any CPU
		Release|Mixed Platforms = Release|Mixed Platforms
		Release|x86 = Release|x86
	EndGlobalSection
	GlobalSection(ProjectConfigurationPlatforms) = postSolution
		{1D2B75D0-F75B-4D24-9AD1-1047D8F33B40}.Debug|Any CPU.ActiveCfg = Debug|x86
		{1D2B75D0-F75B-4D24-9AD1-1047D8F33B40}.Debug|Mixed Platforms.ActiveCfg = Debug|x86
		{1D2B75D0-F75B-4D24-9AD1-1047D8F33B40}.Debug|Mixed Platforms.Build.0 = Debug|x86
		{1D2B75D0-F75B-4D24-9AD1-1047D8F33B40}.Debug|x86.ActiveCfg = Debug|x86
		{1D2B75D0-F75B-4D24-9AD1-1047D8F33B40}.Debug|x86.Build.0 = Debug|x86
		{1D2B75D0-F75B-4D24-9AD1-1047D8F33B40}.Release|Any CPU.ActiveCfg = Release|x86
		{1D2B75D0-F75B-4D24-9AD1-1047D8F33B40}.Release|Mixed Platforms.ActiveCfg = Release|x86
		{1D2B75D0-F75B-4D24-9AD1-1047D8F33B40}.Release|Mixed Platforms.Build.0 = Release|x86
		{1D2B75D0-F75B-4D24-9AD1-1047D8F33B40}.Release|x86.ActiveCfg = Release|x86
		{1D2B75D0-F75B-4D24-9AD1-1047D8F33B40}.Release|x86.Build.0 = Release|x86
		{59325B96-DF5D-4912-97B1-71D2C8F1BADF}.Debug|Any CPU.ActiveCfg = Debug|Any CPU
		{59325B96-DF5D-4912-97B1-71D2C8F1BADF}.Debug|Any CPU.Build.0 = Debug|Any CPU
		{59325B96-DF5D-4912-97B1-71D2C8F1BADF}.Debug|Mixed Platforms.ActiveCfg = Debug|Any CPU
		{59325B96-DF5D-4912-97B1-71D2C8F1BADF}.Debug|Mixed Platforms.Build.0 = Debug|Any CPU
		{59325B96-DF5D-4912-97B1-71D2C8F1BADF}.Debug|x86.ActiveCfg = Debug|Any CPU
		{59325B96-DF5D-4912-97B1-71D2C8F1BADF}.Release|Any CPU.ActiveCfg = Release|Any CPU
		{59325B96-DF5D-4912-97B1-71D2C8F1BADF}.Release|Any CPU.Build.0 = Release|Any CPU
		{59325B96-DF5D-4912-97B1-71D2C8F1BADF}.Release|Mixed Platforms.ActiveCfg = Release|Any CPU
		{59325B96-DF5D-4912-97B1-71D2C8F1BADF}.Release|Mixed Platforms.Build.0 = Release|Any CPU
		{59325B96-DF5D-4912-97B1-71D2C8F1BADF}.Release|x86.ActiveCfg = Release|Any CPU
		{01694D99-1A81-48BC-BE36-8F9D8C009B03}.Debug|Any CPU.ActiveCfg = Debug|Any CPU
		{01694D99-1A81-48BC-BE36-8F9D8C009B03}.Debug|Any CPU.Build.0 = Debug|Any CPU
		{01694D99-1A81-48BC-BE36-8F9D8C009B03}.Debug|Mixed Platforms.ActiveCfg = Debug|Any CPU
		{01694D99-1A81-48BC-BE36-8F9D8C009B03}.Debug|Mixed Platforms.Build.0 = Debug|Any CPU
		{01694D99-1A81-48BC-BE36-8F9D8C009B03}.Debug|x86.ActiveCfg = Debug|Any CPU
		{01694D99-1A81-48BC-BE36-8F9D8C009B03}.Release|Any CPU.ActiveCfg = Release|Any CPU
		{01694D99-1A81-48BC-BE36-8F9D8C009B03}.Release|Any CPU.Build.0 = Release|Any CPU
		{01694D99-1A81-48BC-BE36-8F9D8C009B03}.Release|Mixed Platforms.ActiveCfg = Release|Any CPU
		{01694D99-1A81-48BC-BE36-8F9D8C009B03}.Release|Mixed Platforms.Build.0 = Release|Any CPU
		{01694D99-1A81-48BC-BE36-8F9D8C009B03}.Release|x86.ActiveCfg = Release|Any CPU
		{EA60AB7D-B60B-4434-B85A-C9DD4E1B117D}.Debug|Any CPU.ActiveCfg = Debug|Any CPU
		{EA60AB7D-B60B-4434-B85A-C9DD4E1B117D}.Debug|Any CPU.Build.0 = Debug|Any CPU
		{EA60AB7D-B60B-4434-B85A-C9DD4E1B117D}.Debug|Mixed Platforms.ActiveCfg = Debug|Any CPU
		{EA60AB7D-B60B-4434-B85A-C9DD4E1B117D}.Debug|Mixed Platforms.Build.0 = Debug|Any CPU
		{EA60AB7D-B60B-4434-B85A-C9DD4E1B117D}.Debug|x86.ActiveCfg = Debug|Any CPU
		{EA60AB7D-B60B-4434-B85A-C9DD4E1B117D}.Release|Any CPU.ActiveCfg = Release|Any CPU
		{EA60AB7D-B60B-4434-B85A-C9DD4E1B117D}.Release|Any CPU.Build.0 = Release|Any CPU
		{EA60AB7D-B60B-4434-B85A-C9DD4E1B117D}.Release|Mixed Platforms.ActiveCfg = Release|Any CPU
		{EA60AB7D-B60B-4434-B85A-C9DD4E1B117D}.Release|Mixed Platforms.Build.0 = Release|Any CPU
		{EA60AB7D-B60B-4434-B85A-C9DD4E1B117D}.Release|x86.ActiveCfg = Release|Any CPU
		{03FC354E-3FE3-4EB3-8237-B555D3CAEC68}.Debug|Any CPU.ActiveCfg = Debug|Any CPU
		{03FC354E-3FE3-4EB3-8237-B555D3CAEC68}.Debug|Any CPU.Build.0 = Debug|Any CPU
		{03FC354E-3FE3-4EB3-8237-B555D3CAEC68}.Debug|Mixed Platforms.ActiveCfg = Debug|Any CPU
		{03FC354E-3FE3-4EB3-8237-B555D3CAEC68}.Debug|Mixed Platforms.Build.0 = Debug|Any CPU
		{03FC354E-3FE3-4EB3-8237-B555D3CAEC68}.Debug|x86.ActiveCfg = Debug|Any CPU
		{03FC354E-3FE3-4EB3-8237-B555D3CAEC68}.Release|Any CPU.ActiveCfg = Release|Any CPU
		{03FC354E-3FE3-4EB3-8237-B555D3CAEC68}.Release|Any CPU.Build.0 = Release|Any CPU
		{03FC354E-3FE3-4EB3-8237-B555D3CAEC68}.Release|Mixed Platforms.ActiveCfg = Release|Any CPU
		{03FC354E-3FE3-4EB3-8237-B555D3CAEC68}.Release|Mixed Platforms.Build.0 = Release|Any CPU
		{03FC354E-3FE3-4EB3-8237-B555D3CAEC68}.Release|x86.ActiveCfg = Release|Any CPU
	EndGlobalSection
	GlobalSection(SolutionProperties) = preSolution
		HideSolutionNode = FALSE
	EndGlobalSection
EndGlobal
